
Microsoft Visual Studio Solution File, Format Version 12.00
# Visual Studio Version 16
VisualStudioVersion = 16.0.30011.22
MinimumVisualStudioVersion = 10.0.40219.1
Project("{FAE04EC0-301F-11D3-BF4B-00C04F79EFBC}") = "PPCP07302018", "PPCP07302018.csproj", "{15C160DB-0DFB-4BC6-82BE-4931B6220D61}"
EndProject
Global
	GlobalSection(SolutionConfigurationPlatforms) = preSolution
		Debug|Any CPU = Debug|Any CPU
		Release|Any CPU = Release|Any CPU
	EndGlobalSection
	GlobalSection(ProjectConfigurationPlatforms) = postSolution
		{15C160DB-0DFB-4BC6-82BE-4931B6220D61}.Debug|Any CPU.ActiveCfg = Debug|Any CPU
		{15C160DB-0DFB-4BC6-82BE-4931B6220D61}.Debug|Any CPU.Build.0 = Debug|Any CPU
		{15C160DB-0DFB-4BC6-82BE-4931B6220D61}.Release|Any CPU.ActiveCfg = Release|Any CPU
		{15C160DB-0DFB-4BC6-82BE-4931B6220D61}.Release|Any CPU.Build.0 = Release|Any CPU
	EndGlobalSection
	GlobalSection(SolutionProperties) = preSolution
		HideSolutionNode = FALSE
	EndGlobalSection
	GlobalSection(ExtensibilityGlobals) = postSolution
		SolutionGuid = {EA2F8E83-6FD5-4E17-A7B3-AAD062650235}
	EndGlobalSection
EndGlobal
